
Microsoft Visual Studio Solution File, Format Version 12.00
# Visual Studio 2012
Project("{FAE04EC0-301F-11D3-BF4B-00C04F79EFBC}") = "Practica4", "Practica4\Practica4.csproj", "{A89DE23E-7C0E-45C6-BC22-72D23DFD9D11}"
EndProject
Global
	GlobalSection(SolutionConfigurationPlatforms) = preSolution
		Debug|x86 = Debug|x86
		Release|x86 = Release|x86
	EndGlobalSection
	GlobalSection(ProjectConfigurationPlatforms) = postSolution
		{A89DE23E-7C0E-45C6-BC22-72D23DFD9D11}.Debug|x86.ActiveCfg = Debug|x86
		{A89DE23E-7C0E-45C6-BC22-72D23DFD9D11}.Debug|x86.Build.0 = Debug|x86
		{A89DE23E-7C0E-45C6-BC22-72D23DFD9D11}.Release|x86.ActiveCfg = Release|x86
		{A89DE23E-7C0E-45C6-BC22-72D23DFD9D11}.Release|x86.Build.0 = Release|x86
	EndGlobalSection
EndGlobal
