
Microsoft Visual Studio Solution File, Format Version 12.00
# Visual Studio 2012
Project("{FAE04EC0-301F-11D3-BF4B-00C04F79EFBC}") = "Practica2", "Practica2\Practica2.csproj", "{B38AB0B8-7B77-445E-A380-285C4D62AC47}"
EndProject
Global
	GlobalSection(SolutionConfigurationPlatforms) = preSolution
		Debug|x86 = Debug|x86
		Release|x86 = Release|x86
	EndGlobalSection
	GlobalSection(ProjectConfigurationPlatforms) = postSolution
		{B38AB0B8-7B77-445E-A380-285C4D62AC47}.Debug|x86.ActiveCfg = Debug|x86
		{B38AB0B8-7B77-445E-A380-285C4D62AC47}.Debug|x86.Build.0 = Debug|x86
		{B38AB0B8-7B77-445E-A380-285C4D62AC47}.Release|x86.ActiveCfg = Release|x86
		{B38AB0B8-7B77-445E-A380-285C4D62AC47}.Release|x86.Build.0 = Release|x86
	EndGlobalSection
EndGlobal
